
Microsoft Visual Studio Solution File, Format Version 12.00
# Visual Studio Version 17
VisualStudioVersion = 17.3.32929.385
MinimumVisualStudioVersion = 10.0.40219.1
Project("{FAE04EC0-301F-11D3-BF4B-00C04F79EFBC}") = "GarticBot", "GarticBot\GarticBot.csproj", "{DC30D177-514B-4133-9BB8-66F9BCC7CCF9}"
EndProject
Global
	GlobalSection(SolutionConfigurationPlatforms) = preSolution
		Debug|Any CPU = Debug|Any CPU
		Release|Any CPU = Release|Any CPU
	EndGlobalSection
	GlobalSection(ProjectConfigurationPlatforms) = postSolution
		{DC30D177-514B-4133-9BB8-66F9BCC7CCF9}.Debug|Any CPU.ActiveCfg = Debug|Any CPU
		{DC30D177-514B-4133-9BB8-66F9BCC7CCF9}.Debug|Any CPU.Build.0 = Debug|Any CPU
		{DC30D177-514B-4133-9BB8-66F9BCC7CCF9}.Release|Any CPU.ActiveCfg = Release|Any CPU
		{DC30D177-514B-4133-9BB8-66F9BCC7CCF9}.Release|Any CPU.Build.0 = Release|Any CPU
	EndGlobalSection
	GlobalSection(SolutionProperties) = preSolution
		HideSolutionNode = FALSE
	EndGlobalSection
	GlobalSection(ExtensibilityGlobals) = postSolution
		SolutionGuid = {BC72168F-E08A-4E53-A324-AF81A793B11D}
	EndGlobalSection
EndGlobal
